
Microsoft Visual Studio Solution File, Format Version 12.00
# Visual Studio 15
VisualStudioVersion = 15.0.26730.15
MinimumVisualStudioVersion = 10.0.40219.1
Project("{FAE04EC0-301F-11D3-BF4B-00C04F79EFBC}") = "GameOfThrones", "GameOfThrones\GameOfThrones.csproj", "{EFBF39D3-09FA-4A48-A797-A385078FF5DE}"
EndProject
Project("{FAE04EC0-301F-11D3-BF4B-00C04F79EFBC}") = "Web", "Web\Web.csproj", "{97B0C586-14B3-4B9F-9CFE-066DECDA28DD}"
EndProject
Global
	GlobalSection(SolutionConfigurationPlatforms) = preSolution
		Debug|Any CPU = Debug|Any CPU
		Release|Any CPU = Release|Any CPU
	EndGlobalSection
	GlobalSection(ProjectConfigurationPlatforms) = postSolution
		{EFBF39D3-09FA-4A48-A797-A385078FF5DE}.Debug|Any CPU.ActiveCfg = Debug|Any CPU
		{EFBF39D3-09FA-4A48-A797-A385078FF5DE}.Debug|Any CPU.Build.0 = Debug|Any CPU
		{EFBF39D3-09FA-4A48-A797-A385078FF5DE}.Release|Any CPU.ActiveCfg = Release|Any CPU
		{EFBF39D3-09FA-4A48-A797-A385078FF5DE}.Release|Any CPU.Build.0 = Release|Any CPU
		{97B0C586-14B3-4B9F-9CFE-066DECDA28DD}.Debug|Any CPU.ActiveCfg = Debug|Any CPU
		{97B0C586-14B3-4B9F-9CFE-066DECDA28DD}.Debug|Any CPU.Build.0 = Debug|Any CPU
		{97B0C586-14B3-4B9F-9CFE-066DECDA28DD}.Release|Any CPU.ActiveCfg = Release|Any CPU
		{97B0C586-14B3-4B9F-9CFE-066DECDA28DD}.Release|Any CPU.Build.0 = Release|Any CPU
	EndGlobalSection
	GlobalSection(SolutionProperties) = preSolution
		HideSolutionNode = FALSE
	EndGlobalSection
	GlobalSection(ExtensibilityGlobals) = postSolution
		SolutionGuid = {05407FE4-EB42-430D-8B50-E8CEDFD6574D}
	EndGlobalSection
EndGlobal
